<?xml version="1.0" encoding="utf-8"?>
<Project ToolsVersion="4.0" xmlns="http://schemas.microsoft.com/developer/msbuild/2003">
  <ItemGroup>
    <ClCompile Include="main.cpp" />
    <ClCompile Include="..\..\source\gui\button.cpp">
      <Filter>source\gui</Filter>
    </ClCompile>
    <ClCompile Include="..\..\source\gui\uiobject.cpp">
      <Filter>source\gui</Filter>
    </ClCompile>
    <ClCompile Include="..\..\source\scenes\mainmenu.cpp">
      <Filter>source\scenes</Filter>
    </ClCompile>
    <ClCompile Include="..\..\source\gui\canvas.cpp">
      <Filter>source\gui</Filter>
    </ClCompile>
    <ClCompile Include="..\..\source\gui\lineedit.cpp">
      <Filter>source\gui</Filter>
    </ClCompile>
    <ClCompile Include="..\..\source\scenes\worldcreate.cpp">
      <Filter>source\scenes</Filter>
    </ClCompile>
    <ClCompile Include="..\..\source\scenes\worldselect.cpp">
      <Filter>source\scenes</Filter>
    </ClCompile>
    <ClCompile Include="..\..\source\scenes\gamescene.cpp">
      <Filter>source\scenes</Filter>
    </ClCompile>
    <ClCompile Include="..\..\source\game\gameobject.cpp">
      <Filter>source\Game</Filter>
    </ClCompile>
    <ClCompile Include="..\..\source\game\camera.cpp">
      <Filter>source\Game</Filter>
    </ClCompile>
    <ClCompile Include="..\..\source\game\debug.cpp">
      <Filter>source\Game</Filter>
    </ClCompile>
    <ClCompile Include="..\..\source\game\world.cpp">
      <Filter>source\Game</Filter>
    </ClCompile>
    <ClCompile Include="..\..\source\game\blockdata.cpp">
      <Filter>source\Game</Filter>
    </ClCompile>
    <ClCompile Include="..\..\source\blockentities\redcurrantbush.cpp">
      <Filter>source\blockentities</Filter>
    </ClCompile>
    <ClCompile Include="..\..\source\blockentities\blockentity.cpp">
      <Filter>source\blockentities</Filter>
    </ClCompile>
    <ClCompile Include="..\..\source\physics\physicsbody.cpp">
      <Filter>source\physics</Filter>
    </ClCompile>
    <ClCompile Include="..\..\source\game\player.cpp">
      <Filter>source\Game</Filter>
    </ClCompile>
    <ClCompile Include="..\..\source\scenes\scene.cpp">
      <Filter>source\scenes</Filter>
    </ClCompile>
    <ClCompile Include="..\..\source\animation\skeleton.cpp">
      <Filter>source\animations</Filter>
    </ClCompile>
    <ClCompile Include="..\..\source\animation\animation.cpp">
      <Filter>source\animations</Filter>
    </ClCompile>
    <ClCompile Include="..\..\source\animation\bone.cpp">
      <Filter>source\animations</Filter>
    </ClCompile>
    <ClCompile Include="..\..\source\animation\slot.cpp">
      <Filter>source\animations</Filter>
    </ClCompile>
    <ClCompile Include="..\..\source\items\item.cpp">
      <Filter>source\items</Filter>
    </ClCompile>
    <ClCompile Include="..\..\source\scenes\scenemanager.cpp">
      <Filter>source\scenes</Filter>
    </ClCompile>
    <ClCompile Include="..\..\source\mobs\zombie.cpp">
      <Filter>source\mobs</Filter>
    </ClCompile>
    <ClCompile Include="..\..\source\blockentities\torch.cpp">
      <Filter>source\blockentities</Filter>
    </ClCompile>
    <ClCompile Include="..\..\source\game\rayCast.cpp">
      <Filter>source\Game</Filter>
    </ClCompile>
    <ClCompile Include="..\..\source\terrain\TerrainChunk.cpp">
      <Filter>source\Terrain</Filter>
    </ClCompile>
    <ClCompile Include="..\..\source\terrain\Terrain.cpp">
      <Filter>source\Terrain</Filter>
    </ClCompile>
    <ClCompile Include="..\..\source\terrain\generator\TerrainGen.cpp">
      <Filter>source\Terrain\Generator</Filter>
    </ClCompile>
    <ClCompile Include="..\..\source\terrain\generator\Grassland.cpp">
      <Filter>source\Terrain\Generator</Filter>
    </ClCompile>
    <ClCompile Include="..\..\source\terrain\generator\Structure.cpp">
      <Filter>source\Terrain\Generator</Filter>
    </ClCompile>
    <ClCompile Include="..\..\source\Noise\Simplex.cpp">
      <Filter>source\Noise</Filter>
    </ClCompile>
    <ClCompile Include="..\..\source\lighting\Spotlight.cpp">
      <Filter>source\Lighting</Filter>
    </ClCompile>
    <ClCompile Include="..\..\source\lighting\TerrainLighting.cpp">
      <Filter>source\Lighting</Filter>
    </ClCompile>
    <ClCompile Include="..\..\source\environment\Background.cpp">
      <Filter>source\Environment</Filter>
    </ClCompile>
    <ClCompile Include="..\..\source\environment\TimeOfDay.cpp">
      <Filter>source\Environment</Filter>
    </ClCompile>
    <ClCompile Include="..\..\source\game\GameManager.cpp">
      <Filter>source\Game</Filter>
    </ClCompile>
  </ItemGroup>
  <ItemGroup>
    <ResourceCompile Include="resources.rc" />
  </ItemGroup>
  <ItemGroup>
    <Filter Include="source">
      <UniqueIdentifier>{aa76d9fe-881d-4fc6-84f8-886f580bdf6d}</UniqueIdentifier>
    </Filter>
    <Filter Include="source\gui">
      <UniqueIdentifier>{e5cde9b0-bca1-414a-9213-0a7b3c1c350d}</UniqueIdentifier>
    </Filter>
    <Filter Include="source\scenes">
      <UniqueIdentifier>{a771c727-de3c-48d8-93c5-0076f2474292}</UniqueIdentifier>
    </Filter>
    <Filter Include="source\mobs">
      <UniqueIdentifier>{e4431234-8aa8-4683-9b3c-7898bc8ecc33}</UniqueIdentifier>
    </Filter>
    <Filter Include="source\blockentities">
      <UniqueIdentifier>{dc2d914f-c636-4931-b0ee-b79e1c3b94ee}</UniqueIdentifier>
    </Filter>
    <Filter Include="source\physics">
      <UniqueIdentifier>{e03c2679-3c51-49ab-a1d8-899ba002d17a}</UniqueIdentifier>
    </Filter>
    <Filter Include="source\animations">
      <UniqueIdentifier>{30ad5ef0-d9bb-4e01-b029-5debc3059e46}</UniqueIdentifier>
    </Filter>
    <Filter Include="source\items">
      <UniqueIdentifier>{1f91a026-3a45-40fe-ac3f-6910a38f5067}</UniqueIdentifier>
    </Filter>
    <Filter Include="source\Noise">
      <UniqueIdentifier>{dc4c3fe4-09e5-417a-a2dd-12ea31f47404}</UniqueIdentifier>
    </Filter>
    <Filter Include="source\Lighting">
      <UniqueIdentifier>{533c6540-500f-49f1-8b01-a8401b317f0f}</UniqueIdentifier>
    </Filter>
    <Filter Include="source\Terrain">
      <UniqueIdentifier>{acdbe615-25b7-49dc-9dd6-17c021361fc7}</UniqueIdentifier>
    </Filter>
    <Filter Include="source\Terrain\Generator">
      <UniqueIdentifier>{f67dfadc-f3b6-4079-aa67-7fc81aa5053b}</UniqueIdentifier>
    </Filter>
    <Filter Include="source\Game">
      <UniqueIdentifier>{18bc6b9a-571d-4fa2-8cc2-faf75c39f783}</UniqueIdentifier>
    </Filter>
    <Filter Include="source\Environment">
      <UniqueIdentifier>{60063404-bf8e-4d1f-91c0-9ce7bdaa6c13}</UniqueIdentifier>
    </Filter>
  </ItemGroup>
  <ItemGroup>
    <ClInclude Include="..\..\source\gui\button.h">
      <Filter>source\gui</Filter>
    </ClInclude>
    <ClInclude Include="..\..\source\gui\uiobject.h">
      <Filter>source\gui</Filter>
    </ClInclude>
    <ClInclude Include="..\..\source\scenes\mainmenu.h">
      <Filter>source\scenes</Filter>
    </ClInclude>
    <ClInclude Include="..\..\source\gui\canvas.h">
      <Filter>source\gui</Filter>
    </ClInclude>
    <ClInclude Include="..\..\source\gui\lineedit.h">
      <Filter>source\gui</Filter>
    </ClInclude>
    <ClInclude Include="..\..\source\scenes\worldcreate.h">
      <Filter>source\scenes</Filter>
    </ClInclude>
    <ClInclude Include="..\..\source\scenes\worldselect.h">
      <Filter>source\scenes</Filter>
    </ClInclude>
    <ClInclude Include="..\..\source\scenes\gamescene.h">
      <Filter>source\scenes</Filter>
    </ClInclude>
    <ClInclude Include="..\..\source\game\gameobject.h">
      <Filter>source\Game</Filter>
    </ClInclude>
    <ClInclude Include="..\..\source\game\camera.h">
      <Filter>source\Game</Filter>
    </ClInclude>
    <ClInclude Include="..\..\source\game\debug.h">
      <Filter>source\Game</Filter>
    </ClInclude>
    <ClInclude Include="..\..\source\game\world.h">
      <Filter>source\Game</Filter>
    </ClInclude>
    <ClInclude Include="..\..\source\game\blockdata.h">
      <Filter>source\Game</Filter>
    </ClInclude>
    <ClInclude Include="..\..\source\blockentities\redcurrantbush.h">
      <Filter>source\blockentities</Filter>
    </ClInclude>
    <ClInclude Include="..\..\source\blockentities\blockentity.h">
      <Filter>source\blockentities</Filter>
    </ClInclude>
    <ClInclude Include="..\..\source\physics\physicsbody.h">
      <Filter>source\physics</Filter>
    </ClInclude>
    <ClInclude Include="..\..\source\game\player.h">
      <Filter>source\Game</Filter>
    </ClInclude>
    <ClInclude Include="..\..\source\scenes\scene.h">
      <Filter>source\scenes</Filter>
    </ClInclude>
    <ClInclude Include="..\..\source\animation\skeleton.h">
      <Filter>source\animations</Filter>
    </ClInclude>
    <ClInclude Include="..\..\source\animation\animation.h">
      <Filter>source\animations</Filter>
    </ClInclude>
    <ClInclude Include="..\..\source\animation\slot.h">
      <Filter>source\animations</Filter>
    </ClInclude>
    <ClInclude Include="..\..\source\animation\bone.h">
      <Filter>source\animations</Filter>
    </ClInclude>
    <ClInclude Include="..\..\source\scenes\scenemanager.h">
      <Filter>source\scenes</Filter>
    </ClInclude>
    <ClInclude Include="..\..\source\mobs\zombie.h">
      <Filter>source\mobs</Filter>
    </ClInclude>
    <ClInclude Include="..\..\source\blockentities\torch.h">
      <Filter>source\blockentities</Filter>
    </ClInclude>
    <ClInclude Include="..\..\source\game\rayCast.h">
      <Filter>source\Game</Filter>
    </ClInclude>
    <ClInclude Include="..\..\source\items\item.h">
      <Filter>source\items</Filter>
    </ClInclude>
    <ClInclude Include="..\..\source\terrain\TerrainChunk.h">
      <Filter>source\Terrain</Filter>
    </ClInclude>
    <ClInclude Include="..\..\source\terrain\Terrain.h">
      <Filter>source\Terrain</Filter>
    </ClInclude>
    <ClInclude Include="..\..\source\terrain\generator\TerrainGen.h">
      <Filter>source\Terrain\Generator</Filter>
    </ClInclude>
    <ClInclude Include="..\..\source\terrain\generator\Grassland.h">
      <Filter>source\Terrain\Generator</Filter>
    </ClInclude>
    <ClInclude Include="..\..\source\terrain\generator\Structure.h">
      <Filter>source\Terrain\Generator</Filter>
    </ClInclude>
    <ClInclude Include="..\..\source\Noise\Simplex.h">
      <Filter>source\Noise</Filter>
    </ClInclude>
    <ClInclude Include="..\..\source\Game.h">
      <Filter>source</Filter>
    </ClInclude>
    <ClInclude Include="..\..\source\Constants.h">
      <Filter>source</Filter>
    </ClInclude>
    <ClInclude Include="..\..\source\lighting\Spotlight.h">
      <Filter>source\Lighting</Filter>
    </ClInclude>
    <ClInclude Include="..\..\source\lighting\TerrainLighting.h">
      <Filter>source\Lighting</Filter>
    </ClInclude>
    <ClInclude Include="..\..\source\environment\Background.h">
      <Filter>source\Environment</Filter>
    </ClInclude>
    <ClInclude Include="..\..\source\environment\TimeOfDay.h">
      <Filter>source\Environment</Filter>
    </ClInclude>
    <ClInclude Include="..\..\source\game\GameManager.h">
      <Filter>source\Game</Filter>
    </ClInclude>
  </ItemGroup>
</Project>