<?xml version="1.0" encoding="utf-8"?>
<Project ToolsVersion="4.0" xmlns="http://schemas.microsoft.com/developer/msbuild/2003">
  <ItemGroup>
    <ClCompile Include="main.cpp" />
    <ClCompile Include="..\..\source\game.cpp">
      <Filter>source</Filter>
    </ClCompile>
    <ClCompile Include="..\..\source\gui\button.cpp">
      <Filter>source\gui</Filter>
    </ClCompile>
    <ClCompile Include="..\..\source\gui\uiobject.cpp">
      <Filter>source\gui</Filter>
    </ClCompile>
    <ClCompile Include="..\..\source\scenes\mainmenu.cpp">
      <Filter>source\scenes</Filter>
    </ClCompile>
    <ClCompile Include="..\..\source\gui\canvas.cpp">
      <Filter>source\gui</Filter>
    </ClCompile>
    <ClCompile Include="..\..\source\gui\lineedit.cpp">
      <Filter>source\gui</Filter>
    </ClCompile>
    <ClCompile Include="..\..\source\scenes\worldcreate.cpp">
      <Filter>source\scenes</Filter>
    </ClCompile>
    <ClCompile Include="..\..\source\scenes\worldselect.cpp">
      <Filter>source\scenes</Filter>
    </ClCompile>
    <ClCompile Include="..\..\source\scenes\gamescene.cpp">
      <Filter>source\scenes</Filter>
    </ClCompile>
    <ClCompile Include="..\..\source\game\gameobject.cpp">
      <Filter>source\game</Filter>
    </ClCompile>
    <ClCompile Include="..\..\source\game\camera.cpp">
      <Filter>source\game</Filter>
    </ClCompile>
    <ClCompile Include="..\..\source\game\debug.cpp">
      <Filter>source\game</Filter>
    </ClCompile>
    <ClCompile Include="..\..\source\terrain\terrain.cpp">
      <Filter>source\terrain</Filter>
    </ClCompile>
    <ClCompile Include="..\..\source\terrain\terrainchunk.cpp">
      <Filter>source\terrain</Filter>
    </ClCompile>
    <ClCompile Include="..\..\source\game\world.cpp">
      <Filter>source\game</Filter>
    </ClCompile>
    <ClCompile Include="..\..\source\terrain\terraingen.cpp">
      <Filter>source\terrain</Filter>
    </ClCompile>
    <ClCompile Include="..\..\source\environment\background.cpp">
      <Filter>source\environment</Filter>
    </ClCompile>
    <ClCompile Include="..\..\source\environment\timeofday.cpp">
      <Filter>source\environment</Filter>
    </ClCompile>
    <ClCompile Include="..\..\source\game\blockdata.cpp">
      <Filter>source\game</Filter>
    </ClCompile>
    <ClCompile Include="..\..\source\terrain\simplex.cpp">
      <Filter>source\terrain</Filter>
    </ClCompile>
    <ClCompile Include="..\..\source\blockentities\redcurrantbush.cpp">
      <Filter>source\blockentities</Filter>
    </ClCompile>
    <ClCompile Include="..\..\source\blockentities\blockentity.cpp">
      <Filter>source\blockentities</Filter>
    </ClCompile>
    <ClCompile Include="..\..\source\physics\physicsbody.cpp">
      <Filter>source\physics</Filter>
    </ClCompile>
  </ItemGroup>
  <ItemGroup>
    <ResourceCompile Include="resources.rc" />
  </ItemGroup>
  <ItemGroup>
    <Filter Include="source">
      <UniqueIdentifier>{aa76d9fe-881d-4fc6-84f8-886f580bdf6d}</UniqueIdentifier>
    </Filter>
    <Filter Include="source\gui">
      <UniqueIdentifier>{e5cde9b0-bca1-414a-9213-0a7b3c1c350d}</UniqueIdentifier>
    </Filter>
    <Filter Include="source\scenes">
      <UniqueIdentifier>{a771c727-de3c-48d8-93c5-0076f2474292}</UniqueIdentifier>
    </Filter>
    <Filter Include="source\game">
      <UniqueIdentifier>{18bc6b9a-571d-4fa2-8cc2-faf75c39f783}</UniqueIdentifier>
    </Filter>
    <Filter Include="source\environment">
      <UniqueIdentifier>{60063404-bf8e-4d1f-91c0-9ce7bdaa6c13}</UniqueIdentifier>
    </Filter>
    <Filter Include="source\mobs">
      <UniqueIdentifier>{e4431234-8aa8-4683-9b3c-7898bc8ecc33}</UniqueIdentifier>
    </Filter>
    <Filter Include="source\terrain">
      <UniqueIdentifier>{acdbe615-25b7-49dc-9dd6-17c021361fc7}</UniqueIdentifier>
    </Filter>
    <Filter Include="source\blockentities">
      <UniqueIdentifier>{dc2d914f-c636-4931-b0ee-b79e1c3b94ee}</UniqueIdentifier>
    </Filter>
    <Filter Include="source\physics">
      <UniqueIdentifier>{e03c2679-3c51-49ab-a1d8-899ba002d17a}</UniqueIdentifier>
    </Filter>
  </ItemGroup>
  <ItemGroup>
    <ClInclude Include="..\..\source\game.h">
      <Filter>source</Filter>
    </ClInclude>
    <ClInclude Include="..\..\source\constants.h">
      <Filter>source</Filter>
    </ClInclude>
    <ClInclude Include="..\..\source\gui\button.h">
      <Filter>source\gui</Filter>
    </ClInclude>
    <ClInclude Include="..\..\source\gui\uiobject.h">
      <Filter>source\gui</Filter>
    </ClInclude>
    <ClInclude Include="..\..\source\scenes\mainmenu.h">
      <Filter>source\scenes</Filter>
    </ClInclude>
    <ClInclude Include="..\..\source\gui\canvas.h">
      <Filter>source\gui</Filter>
    </ClInclude>
    <ClInclude Include="..\..\source\gui\lineedit.h">
      <Filter>source\gui</Filter>
    </ClInclude>
    <ClInclude Include="..\..\source\scenes\worldcreate.h">
      <Filter>source\scenes</Filter>
    </ClInclude>
    <ClInclude Include="..\..\source\scenes\worldselect.h">
      <Filter>source\scenes</Filter>
    </ClInclude>
    <ClInclude Include="..\..\source\scenes\gamescene.h">
      <Filter>source\scenes</Filter>
    </ClInclude>
    <ClInclude Include="..\..\source\game\gameobject.h">
      <Filter>source\game</Filter>
    </ClInclude>
    <ClInclude Include="..\..\source\game\camera.h">
      <Filter>source\game</Filter>
    </ClInclude>
    <ClInclude Include="..\..\source\game\debug.h">
      <Filter>source\game</Filter>
    </ClInclude>
    <ClInclude Include="..\..\source\terrain\terrain.h">
      <Filter>source\terrain</Filter>
    </ClInclude>
    <ClInclude Include="..\..\source\terrain\terrainchunk.h">
      <Filter>source\terrain</Filter>
    </ClInclude>
    <ClInclude Include="..\..\source\terrain\terraingen.h">
      <Filter>source\terrain</Filter>
    </ClInclude>
    <ClInclude Include="..\..\source\game\world.h">
      <Filter>source\game</Filter>
    </ClInclude>
    <ClInclude Include="..\..\source\environment\background.h">
      <Filter>source\environment</Filter>
    </ClInclude>
    <ClInclude Include="..\..\source\environment\timeofday.h">
      <Filter>source\environment</Filter>
    </ClInclude>
    <ClInclude Include="..\..\source\game\blockdata.h">
      <Filter>source\game</Filter>
    </ClInclude>
    <ClInclude Include="..\..\source\terrain\simplex.h">
      <Filter>source\terrain</Filter>
    </ClInclude>
    <ClInclude Include="..\..\source\blockentities\redcurrantbush.h">
      <Filter>source\blockentities</Filter>
    </ClInclude>
    <ClInclude Include="..\..\source\blockentities\blockentity.h">
      <Filter>source\blockentities</Filter>
    </ClInclude>
    <ClInclude Include="..\..\source\physics\physicsbody.h">
      <Filter>source\physics</Filter>
    </ClInclude>
  </ItemGroup>
</Project>