<?xml version="1.0" encoding="utf-8"?>
<Project ToolsVersion="4.0" xmlns="http://schemas.microsoft.com/developer/msbuild/2003">
  <ItemGroup>
    <ResourceCompile Include="resources.rc" />
  </ItemGroup>
  <ItemGroup>
    <Filter Include="source">
      <UniqueIdentifier>{71675f86-0da2-486f-b3da-db94dcc62252}</UniqueIdentifier>
    </Filter>
    <Filter Include="source\scenes">
      <UniqueIdentifier>{a395990f-f234-45e1-85f0-b204cd0a76a1}</UniqueIdentifier>
    </Filter>
    <Filter Include="source\gui">
      <UniqueIdentifier>{2e3400b3-1459-4172-a0be-43bc55d1b9cd}</UniqueIdentifier>
    </Filter>
  </ItemGroup>
  <ItemGroup>
    <ClCompile Include="source\game.cpp">
      <Filter>source</Filter>
    </ClCompile>
    <ClCompile Include="main.cpp" />
    <ClCompile Include="source\scenes\mainmenu.cpp">
      <Filter>source\scenes</Filter>
    </ClCompile>
    <ClCompile Include="source\gui\button.cpp">
      <Filter>source\gui</Filter>
    </ClCompile>
    <ClCompile Include="source\gui\uiobject.cpp">
      <Filter>source\gui</Filter>
    </ClCompile>
  </ItemGroup>
  <ItemGroup>
    <ClInclude Include="source\game.h">
      <Filter>source</Filter>
    </ClInclude>
    <ClInclude Include="source\scenes\mainmenu.h">
      <Filter>source\scenes</Filter>
    </ClInclude>
    <ClInclude Include="source\constants.h">
      <Filter>source</Filter>
    </ClInclude>
    <ClInclude Include="source\gui\uiobject.h">
      <Filter>source\gui</Filter>
    </ClInclude>
    <ClInclude Include="source\gui\button.h">
      <Filter>source\gui</Filter>
    </ClInclude>
  </ItemGroup>
</Project>