<?xml version="1.0" encoding="utf-8"?>
<Project ToolsVersion="4.0" xmlns="http://schemas.microsoft.com/developer/msbuild/2003">
  <ItemGroup>
    <ClCompile Include="..\..\source\terrain\Terrain.cpp">
      <Filter>Source\Terrain</Filter>
    </ClCompile>
    <ClCompile Include="..\..\source\Noise\Simplex.cpp">
      <Filter>Source\Noise</Filter>
    </ClCompile>
    <ClCompile Include="..\..\source\lighting\Spotlight.cpp">
      <Filter>Source\Lighting</Filter>
    </ClCompile>
    <ClCompile Include="..\..\source\game\GameManager.cpp">
      <Filter>Source\Game</Filter>
    </ClCompile>
    <ClCompile Include="..\..\source\Lighting\LightSource.cpp">
      <Filter>Source\Lighting</Filter>
    </ClCompile>
    <ClCompile Include="..\..\source\physics\PhysicsBody.cpp">
      <Filter>Source\Physics</Filter>
    </ClCompile>
    <ClCompile Include="..\..\source\gui\Button.cpp">
      <Filter>Source\Gui</Filter>
    </ClCompile>
    <ClCompile Include="..\..\source\gui\Canvas.cpp">
      <Filter>Source\Gui</Filter>
    </ClCompile>
    <ClCompile Include="..\..\source\gui\LineEdit.cpp">
      <Filter>Source\Gui</Filter>
    </ClCompile>
    <ClCompile Include="..\..\source\gui\UiObject.cpp">
      <Filter>Source\Gui</Filter>
    </ClCompile>
    <ClCompile Include="..\..\source\animation\Animation.cpp">
      <Filter>Source\Animation</Filter>
    </ClCompile>
    <ClCompile Include="..\..\source\animation\Bone.cpp">
      <Filter>Source\Animation</Filter>
    </ClCompile>
    <ClCompile Include="..\..\source\animation\Skeleton.cpp">
      <Filter>Source\Animation</Filter>
    </ClCompile>
    <ClCompile Include="..\..\source\animation\Slot.cpp">
      <Filter>Source\Animation</Filter>
    </ClCompile>
    <ClCompile Include="..\..\source\game\Debug.cpp">
      <Filter>Source\Game</Filter>
    </ClCompile>
    <ClCompile Include="..\..\source\game\GameObject.cpp">
      <Filter>Source\Game</Filter>
    </ClCompile>
    <ClCompile Include="..\..\source\game\RayCast.cpp">
      <Filter>Source\Game</Filter>
    </ClCompile>
    <ClCompile Include="..\..\source\scenes\GameScene.cpp">
      <Filter>Source\Scenes</Filter>
    </ClCompile>
    <ClCompile Include="..\..\source\scenes\MainMenu.cpp">
      <Filter>Source\Scenes</Filter>
    </ClCompile>
    <ClCompile Include="..\..\source\scenes\Scene.cpp">
      <Filter>Source\Scenes</Filter>
    </ClCompile>
    <ClCompile Include="..\..\source\scenes\SceneManager.cpp">
      <Filter>Source\Scenes</Filter>
    </ClCompile>
    <ClCompile Include="..\..\source\scenes\WorldCreate.cpp">
      <Filter>Source\Scenes</Filter>
    </ClCompile>
    <ClCompile Include="..\..\source\scenes\WorldSelect.cpp">
      <Filter>Source\Scenes</Filter>
    </ClCompile>
    <ClCompile Include="..\..\source\Lighting\Lighting.cpp">
      <Filter>Source\Lighting</Filter>
    </ClCompile>
    <ClCompile Include="..\..\source\Terrain\ChunkLoader.cpp">
      <Filter>Source\Terrain</Filter>
    </ClCompile>
    <ClCompile Include="..\..\source\Blocks\BlockData.cpp">
      <Filter>Source\Blocks</Filter>
    </ClCompile>
    <ClCompile Include="..\..\source\Items\Tools\Pickaxe.cpp">
      <Filter>Source\Items\Tools</Filter>
    </ClCompile>
    <ClCompile Include="Main.cpp" />
    <ClCompile Include="..\..\source\items\ItemData.cpp">
      <Filter>Source\Items</Filter>
    </ClCompile>
    <ClCompile Include="..\..\source\Game\ItemContainer.cpp">
      <Filter>Source\Game</Filter>
    </ClCompile>
    <ClCompile Include="..\..\source\gui\GameOverlay.cpp">
      <Filter>Source\Gui</Filter>
    </ClCompile>
    <ClCompile Include="..\..\source\Items\BlockItem.cpp">
      <Filter>Source\Items\Placeable</Filter>
    </ClCompile>
    <ClCompile Include="..\..\source\gui\GameOverlay\Hotbar.cpp">
      <Filter>Source\Gui\GameOverlay</Filter>
    </ClCompile>
    <ClCompile Include="..\..\source\terrain\Chunk.cpp">
      <Filter>Source\Terrain</Filter>
    </ClCompile>
    <ClCompile Include="..\..\Source\World\World.cpp">
      <Filter>Source\World</Filter>
    </ClCompile>
    <ClCompile Include="..\..\source\scenes\Multiplayer.cpp">
      <Filter>Source\Scenes</Filter>
    </ClCompile>
    <ClCompile Include="..\..\Source\Things\RedCurrantBush.cpp">
      <Filter>Source\Things</Filter>
    </ClCompile>
    <ClCompile Include="..\..\Source\Things\Torch.cpp">
      <Filter>Source\Things</Filter>
    </ClCompile>
    <ClCompile Include="..\..\Source\Generation\Grassland.cpp">
      <Filter>Source\Generation\Biomes</Filter>
    </ClCompile>
    <ClCompile Include="..\..\Source\Generation\Structure.cpp">
      <Filter>Source\Generation\Structures</Filter>
    </ClCompile>
    <ClCompile Include="..\..\Source\Generation\Generator.cpp">
      <Filter>Source\Generation</Filter>
    </ClCompile>
    <ClCompile Include="..\..\Source\Entities\ItemDrop.cpp">
      <Filter>Source\Entities</Filter>
    </ClCompile>
    <ClCompile Include="..\..\Source\Entities\Player.cpp">
      <Filter>Source\Entities</Filter>
    </ClCompile>
    <ClCompile Include="..\..\Source\Entities\Camera.cpp">
      <Filter>Source\Entities</Filter>
    </ClCompile>
    <ClCompile Include="..\..\Source\Things\Thing.cpp">
      <Filter>Source\Things</Filter>
    </ClCompile>
    <ClCompile Include="..\..\Source\Things\ThingData.cpp">
      <Filter>Source\Things</Filter>
    </ClCompile>
    <ClCompile Include="..\..\Source\Entities\Background.cpp">
      <Filter>Source\Entities</Filter>
    </ClCompile>
    <ClCompile Include="..\..\Source\Entities\TimeOfDay.cpp">
      <Filter>Source\Entities</Filter>
    </ClCompile>
    <ClCompile Include="..\..\Source\Items\Placeable\ThingItem.cpp">
      <Filter>Source\Items\Placeable</Filter>
    </ClCompile>
    <ClCompile Include="..\..\Source\Networking\Server.cpp">
      <Filter>Source\Networking</Filter>
    </ClCompile>
    <ClCompile Include="..\..\Source\Networking\Client.cpp">
      <Filter>Source\Networking</Filter>
    </ClCompile>
    <ClCompile Include="..\..\source\Networking\NetworkObject.cpp">
      <Filter>Source\Networking</Filter>
    </ClCompile>
    <ClCompile Include="..\..\source\Networking\Conneciton.cpp">
      <Filter>Source\Networking</Filter>
    </ClCompile>
    <ClCompile Include="..\..\source\gui\GameOverlay\HealthManaStatus.cpp">
      <Filter>Source\Gui\GameOverlay</Filter>
    </ClCompile>
    <ClCompile Include="..\..\source\Entities\Mobs\Zombie.cpp">
      <Filter>Source\Entities\Mobs</Filter>
    </ClCompile>
    <ClCompile Include="..\..\source\Items\Weapons\Bow.cpp">
      <Filter>Source\Items\Weapons</Filter>
    </ClCompile>
  </ItemGroup>
  <ItemGroup>
    <ResourceCompile Include="resources.rc" />
  </ItemGroup>
  <ItemGroup>
    <Filter Include="Source">
      <UniqueIdentifier>{aa76d9fe-881d-4fc6-84f8-886f580bdf6d}</UniqueIdentifier>
    </Filter>
    <Filter Include="Source\Noise">
      <UniqueIdentifier>{dc4c3fe4-09e5-417a-a2dd-12ea31f47404}</UniqueIdentifier>
    </Filter>
    <Filter Include="Source\Lighting">
      <UniqueIdentifier>{533c6540-500f-49f1-8b01-a8401b317f0f}</UniqueIdentifier>
    </Filter>
    <Filter Include="Source\Terrain">
      <UniqueIdentifier>{acdbe615-25b7-49dc-9dd6-17c021361fc7}</UniqueIdentifier>
    </Filter>
    <Filter Include="Source\Game">
      <UniqueIdentifier>{18bc6b9a-571d-4fa2-8cc2-faf75c39f783}</UniqueIdentifier>
    </Filter>
    <Filter Include="Source\Scenes">
      <UniqueIdentifier>{a771c727-de3c-48d8-93c5-0076f2474292}</UniqueIdentifier>
    </Filter>
    <Filter Include="Source\Physics">
      <UniqueIdentifier>{e03c2679-3c51-49ab-a1d8-899ba002d17a}</UniqueIdentifier>
    </Filter>
    <Filter Include="Source\Items">
      <UniqueIdentifier>{1f91a026-3a45-40fe-ac3f-6910a38f5067}</UniqueIdentifier>
    </Filter>
    <Filter Include="Source\Items\Tools">
      <UniqueIdentifier>{7313cae1-0b88-48c7-958c-0f8470bcdab0}</UniqueIdentifier>
    </Filter>
    <Filter Include="Source\Gui">
      <UniqueIdentifier>{e5cde9b0-bca1-414a-9213-0a7b3c1c350d}</UniqueIdentifier>
    </Filter>
    <Filter Include="Source\Blocks">
      <UniqueIdentifier>{fb4d1b3c-43e7-4a49-b971-c9dec50ba86d}</UniqueIdentifier>
    </Filter>
    <Filter Include="Source\Animation">
      <UniqueIdentifier>{30ad5ef0-d9bb-4e01-b029-5debc3059e46}</UniqueIdentifier>
    </Filter>
    <Filter Include="Source\Items\Placeable">
      <UniqueIdentifier>{3c316f0b-f928-40a7-b202-9482ba4935f4}</UniqueIdentifier>
    </Filter>
    <Filter Include="Source\Gui\GameOverlay">
      <UniqueIdentifier>{0fd551cc-bb89-4e7f-b942-9ddd7dd4cb8c}</UniqueIdentifier>
    </Filter>
    <Filter Include="Source\World">
      <UniqueIdentifier>{706e8d91-9eee-467b-abcd-e94748a397ff}</UniqueIdentifier>
    </Filter>
    <Filter Include="Source\Things">
      <UniqueIdentifier>{4d55008b-8f3b-45b7-a689-715e577275fd}</UniqueIdentifier>
    </Filter>
    <Filter Include="Source\Generation">
      <UniqueIdentifier>{0ff5a936-9fef-4717-8bd5-d0f819a0c11c}</UniqueIdentifier>
    </Filter>
    <Filter Include="Source\Generation\Biomes">
      <UniqueIdentifier>{ecfd21b3-ff40-495b-adf9-1964df633df3}</UniqueIdentifier>
    </Filter>
    <Filter Include="Source\Generation\Structures">
      <UniqueIdentifier>{a2b439fd-88b0-4404-bd8a-b887a73116df}</UniqueIdentifier>
    </Filter>
    <Filter Include="Source\Entities">
      <UniqueIdentifier>{c8a444ed-dfdc-4bf8-b372-18c5f3168179}</UniqueIdentifier>
    </Filter>
    <Filter Include="Source\Networking">
      <UniqueIdentifier>{464af6f7-b4b6-4bf3-9be0-2ec11795c021}</UniqueIdentifier>
    </Filter>
    <Filter Include="Source\Entities\Mobs">
      <UniqueIdentifier>{e4431234-8aa8-4683-9b3c-7898bc8ecc33}</UniqueIdentifier>
    </Filter>
    <Filter Include="Source\Items\Weapons">
      <UniqueIdentifier>{db3e34cc-807e-4345-8f45-54ab11c8212c}</UniqueIdentifier>
    </Filter>
  </ItemGroup>
  <ItemGroup>
    <ClInclude Include="..\..\source\terrain\Terrain.h">
      <Filter>Source\Terrain</Filter>
    </ClInclude>
    <ClInclude Include="..\..\source\Noise\Simplex.h">
      <Filter>Source\Noise</Filter>
    </ClInclude>
    <ClInclude Include="..\..\source\Constants.h">
      <Filter>Source</Filter>
    </ClInclude>
    <ClInclude Include="..\..\source\lighting\Spotlight.h">
      <Filter>Source\Lighting</Filter>
    </ClInclude>
    <ClInclude Include="..\..\source\game\GameManager.h">
      <Filter>Source\Game</Filter>
    </ClInclude>
    <ClInclude Include="..\..\source\Lighting\LightSource.h">
      <Filter>Source\Lighting</Filter>
    </ClInclude>
    <ClInclude Include="..\..\source\physics\PhysicsBody.h">
      <Filter>Source\Physics</Filter>
    </ClInclude>
    <ClInclude Include="..\..\source\gui\Button.h">
      <Filter>Source\Gui</Filter>
    </ClInclude>
    <ClInclude Include="..\..\source\gui\Canvas.h">
      <Filter>Source\Gui</Filter>
    </ClInclude>
    <ClInclude Include="..\..\source\gui\LineEdit.h">
      <Filter>Source\Gui</Filter>
    </ClInclude>
    <ClInclude Include="..\..\source\gui\UiObject.h">
      <Filter>Source\Gui</Filter>
    </ClInclude>
    <ClInclude Include="..\..\source\animation\Animation.h">
      <Filter>Source\Animation</Filter>
    </ClInclude>
    <ClInclude Include="..\..\source\animation\Bone.h">
      <Filter>Source\Animation</Filter>
    </ClInclude>
    <ClInclude Include="..\..\source\animation\Skeleton.h">
      <Filter>Source\Animation</Filter>
    </ClInclude>
    <ClInclude Include="..\..\source\animation\Slot.h">
      <Filter>Source\Animation</Filter>
    </ClInclude>
    <ClInclude Include="..\..\source\game\Debug.h">
      <Filter>Source\Game</Filter>
    </ClInclude>
    <ClInclude Include="..\..\source\game\GameObject.h">
      <Filter>Source\Game</Filter>
    </ClInclude>
    <ClInclude Include="..\..\source\game\RayCast.h">
      <Filter>Source\Game</Filter>
    </ClInclude>
    <ClInclude Include="..\..\source\scenes\GameScene.h">
      <Filter>Source\Scenes</Filter>
    </ClInclude>
    <ClInclude Include="..\..\source\scenes\MainMenu.h">
      <Filter>Source\Scenes</Filter>
    </ClInclude>
    <ClInclude Include="..\..\source\scenes\Scene.h">
      <Filter>Source\Scenes</Filter>
    </ClInclude>
    <ClInclude Include="..\..\source\scenes\SceneManager.h">
      <Filter>Source\Scenes</Filter>
    </ClInclude>
    <ClInclude Include="..\..\source\scenes\WorldCreate.h">
      <Filter>Source\Scenes</Filter>
    </ClInclude>
    <ClInclude Include="..\..\source\scenes\WorldSelect.h">
      <Filter>Source\Scenes</Filter>
    </ClInclude>
    <ClInclude Include="..\..\source\Lighting\Lighting.h">
      <Filter>Source\Lighting</Filter>
    </ClInclude>
    <ClInclude Include="..\..\source\Terrain\ChunkLoader.h">
      <Filter>Source\Terrain</Filter>
    </ClInclude>
    <ClInclude Include="..\..\source\Config.h">
      <Filter>Source</Filter>
    </ClInclude>
    <ClInclude Include="..\..\source\Blocks\BlockData.h">
      <Filter>Source\Blocks</Filter>
    </ClInclude>
    <ClInclude Include="..\..\source\Items\Tools\Pickaxe.h">
      <Filter>Source\Items\Tools</Filter>
    </ClInclude>
    <ClInclude Include="..\..\source\items\ItemData.h">
      <Filter>Source\Items</Filter>
    </ClInclude>
    <ClInclude Include="..\..\source\Game\ItemContainer.h">
      <Filter>Source\Game</Filter>
    </ClInclude>
    <ClInclude Include="..\..\source\gui\GameOverlay.h">
      <Filter>Source\Gui</Filter>
    </ClInclude>
    <ClInclude Include="..\..\source\Items\BlockItem.h">
      <Filter>Source\Items\Placeable</Filter>
    </ClInclude>
    <ClInclude Include="..\..\source\gui\GameOverlay\Hotbar.h">
      <Filter>Source\Gui\GameOverlay</Filter>
    </ClInclude>
    <ClInclude Include="..\..\source\terrain\Chunk.h">
      <Filter>Source\Terrain</Filter>
    </ClInclude>
    <ClInclude Include="..\..\Source\World\World.h">
      <Filter>Source\World</Filter>
    </ClInclude>
    <ClInclude Include="..\..\source\scenes\Multiplayer.h">
      <Filter>Source\Scenes</Filter>
    </ClInclude>
    <ClInclude Include="..\..\Source\Things\RedCurrantBush.h">
      <Filter>Source\Things</Filter>
    </ClInclude>
    <ClInclude Include="..\..\Source\Things\Torch.h">
      <Filter>Source\Things</Filter>
    </ClInclude>
    <ClInclude Include="..\..\Source\Generation\Grassland.h">
      <Filter>Source\Generation\Biomes</Filter>
    </ClInclude>
    <ClInclude Include="..\..\Source\Generation\Structure.h">
      <Filter>Source\Generation\Structures</Filter>
    </ClInclude>
    <ClInclude Include="..\..\Source\Generation\Generator.h">
      <Filter>Source\Generation</Filter>
    </ClInclude>
    <ClInclude Include="..\..\Source\Strings.h">
      <Filter>Source</Filter>
    </ClInclude>
    <ClInclude Include="..\..\Source\Entities\ItemDrop.h">
      <Filter>Source\Entities</Filter>
    </ClInclude>
    <ClInclude Include="..\..\Source\Entities\Player.h">
      <Filter>Source\Entities</Filter>
    </ClInclude>
    <ClInclude Include="..\..\Source\Entities\Camera.h">
      <Filter>Source\Entities</Filter>
    </ClInclude>
    <ClInclude Include="..\..\Source\Things\Thing.h">
      <Filter>Source\Things</Filter>
    </ClInclude>
    <ClInclude Include="..\..\Source\Things\ThingData.h">
      <Filter>Source\Things</Filter>
    </ClInclude>
    <ClInclude Include="..\..\Source\Entities\Background.h">
      <Filter>Source\Entities</Filter>
    </ClInclude>
    <ClInclude Include="..\..\Source\Entities\TimeOfDay.h">
      <Filter>Source\Entities</Filter>
    </ClInclude>
    <ClInclude Include="..\..\Source\Items\Placeable\ThingItem.h">
      <Filter>Source\Items\Placeable</Filter>
    </ClInclude>
    <ClInclude Include="..\..\Source\Networking\Server.h">
      <Filter>Source\Networking</Filter>
    </ClInclude>
    <ClInclude Include="..\..\Source\Networking\Client.h">
      <Filter>Source\Networking</Filter>
    </ClInclude>
    <ClInclude Include="..\..\source\Networking\NetworkObject.h">
      <Filter>Source\Networking</Filter>
    </ClInclude>
    <ClInclude Include="..\..\source\Networking\Connection.h">
      <Filter>Source\Networking</Filter>
    </ClInclude>
    <ClInclude Include="..\..\source\gui\GameOverlay\HealthManaStatus.h">
      <Filter>Source\Gui\GameOverlay</Filter>
    </ClInclude>
    <ClInclude Include="..\..\source\Entities\Mobs\Zombie.h">
      <Filter>Source\Entities\Mobs</Filter>
    </ClInclude>
    <ClInclude Include="..\..\source\Items\Weapons\Bow.h">
      <Filter>Source\Items\Weapons</Filter>
    </ClInclude>
  </ItemGroup>
</Project>