<?xml version="1.0" encoding="utf-8"?>
<Project ToolsVersion="4.0" xmlns="http://schemas.microsoft.com/developer/msbuild/2003">
  <ItemGroup>
    <ClCompile Include="..\..\source\Noise\Simplex.cpp">
      <Filter>Source\Noise</Filter>
    </ClCompile>
    <ClCompile Include="..\..\source\gui\Button.cpp">
      <Filter>Source\Gui</Filter>
    </ClCompile>
    <ClCompile Include="..\..\source\gui\Canvas.cpp">
      <Filter>Source\Gui</Filter>
    </ClCompile>
    <ClCompile Include="..\..\source\gui\LineEdit.cpp">
      <Filter>Source\Gui</Filter>
    </ClCompile>
    <ClCompile Include="..\..\source\gui\UiObject.cpp">
      <Filter>Source\Gui</Filter>
    </ClCompile>
    <ClCompile Include="..\..\source\animation\Animation.cpp">
      <Filter>Source\Animation</Filter>
    </ClCompile>
    <ClCompile Include="..\..\source\animation\Bone.cpp">
      <Filter>Source\Animation</Filter>
    </ClCompile>
    <ClCompile Include="..\..\source\animation\Skeleton.cpp">
      <Filter>Source\Animation</Filter>
    </ClCompile>
    <ClCompile Include="..\..\source\animation\Slot.cpp">
      <Filter>Source\Animation</Filter>
    </ClCompile>
    <ClCompile Include="..\..\source\Blocks\BlockData.cpp">
      <Filter>Source\Blocks</Filter>
    </ClCompile>
    <ClCompile Include="..\..\source\Items\Tools\Pickaxe.cpp">
      <Filter>Source\Items\Tools</Filter>
    </ClCompile>
    <ClCompile Include="Main.cpp" />
    <ClCompile Include="..\..\source\items\ItemData.cpp">
      <Filter>Source\Items</Filter>
    </ClCompile>
    <ClCompile Include="..\..\source\Items\BlockItem.cpp">
      <Filter>Source\Items\Placeable</Filter>
    </ClCompile>
    <ClCompile Include="..\..\source\gui\GameOverlay\Hotbar.cpp">
      <Filter>Source\Gui\GameOverlay</Filter>
    </ClCompile>
    <ClCompile Include="..\..\Source\World\World.cpp">
      <Filter>Source\World</Filter>
    </ClCompile>
    <ClCompile Include="..\..\Source\Generation\Grassland.cpp">
      <Filter>Source\Generation\Biomes</Filter>
    </ClCompile>
    <ClCompile Include="..\..\Source\Generation\Structure.cpp">
      <Filter>Source\Generation\Structures</Filter>
    </ClCompile>
    <ClCompile Include="..\..\Source\Generation\Generator.cpp">
      <Filter>Source\Generation</Filter>
    </ClCompile>
    <ClCompile Include="..\..\Source\Networking\Server.cpp">
      <Filter>Source\Networking</Filter>
    </ClCompile>
    <ClCompile Include="..\..\Source\Networking\Client.cpp">
      <Filter>Source\Networking</Filter>
    </ClCompile>
    <ClCompile Include="..\..\source\Networking\NetworkObject.cpp">
      <Filter>Source\Networking</Filter>
    </ClCompile>
    <ClCompile Include="..\..\source\Networking\Conneciton.cpp">
      <Filter>Source\Networking</Filter>
    </ClCompile>
    <ClCompile Include="..\..\source\gui\GameOverlay\HealthManaStatus.cpp">
      <Filter>Source\Gui\GameOverlay</Filter>
    </ClCompile>
    <ClCompile Include="..\..\source\Items\Weapons\Bow.cpp">
      <Filter>Source\Items\Weapons</Filter>
    </ClCompile>
    <ClCompile Include="..\..\source\World\TimeOfDay.cpp">
      <Filter>Source\World</Filter>
    </ClCompile>
    <ClCompile Include="..\..\source\World\Background.cpp">
      <Filter>Source\World</Filter>
    </ClCompile>
    <ClCompile Include="..\..\source\World\Camera.cpp">
      <Filter>Source\World</Filter>
    </ClCompile>
    <ClCompile Include="..\..\source\Game\RayCast.cpp">
      <Filter>Source\Game</Filter>
    </ClCompile>
    <ClCompile Include="..\..\source\World\Terrain\ChunkLoader.cpp">
      <Filter>Source\World\Terrain</Filter>
    </ClCompile>
    <ClCompile Include="..\..\source\World\Terrain\Chunk.cpp">
      <Filter>Source\World\Terrain</Filter>
    </ClCompile>
    <ClCompile Include="..\..\source\World\Lighting\Lighting.cpp">
      <Filter>Source\World\Lighting</Filter>
    </ClCompile>
    <ClCompile Include="..\..\source\World\Lighting\LightSource.cpp">
      <Filter>Source\World\Lighting</Filter>
    </ClCompile>
    <ClCompile Include="..\..\source\World\Terrain\Terrain.cpp">
      <Filter>Source\World\Terrain</Filter>
    </ClCompile>
    <ClCompile Include="..\..\Source\Gui\GameOverlay\Omnicon.cpp">
      <Filter>Source\Gui\GameOverlay</Filter>
    </ClCompile>
    <ClCompile Include="..\..\Source\Game\Game.cpp">
      <Filter>Source\Game</Filter>
    </ClCompile>
    <ClCompile Include="..\..\Source\Game\GameStates\InGameState.cpp">
      <Filter>Source\Game\GameStates</Filter>
    </ClCompile>
    <ClCompile Include="..\..\Source\Game\GameStates\GameState.cpp">
      <Filter>Source\Game\GameStates</Filter>
    </ClCompile>
    <ClCompile Include="..\..\Source\Game\Scene.cpp">
      <Filter>Source\Game</Filter>
    </ClCompile>
    <ClCompile Include="..\..\Source\Game\Debug.cpp">
      <Filter>Source\Game</Filter>
    </ClCompile>
    <ClCompile Include="..\..\Source\Gui\GameOverlay\Inventory.cpp">
      <Filter>Source\Gui\GameOverlay</Filter>
    </ClCompile>
    <ClCompile Include="..\..\Source\Gui\GameOverlay\Crafting.cpp">
      <Filter>Source\Gui\GameOverlay</Filter>
    </ClCompile>
    <ClCompile Include="..\..\Source\Generation\Structures\OakTree.cpp">
      <Filter>Source\Generation\Structures</Filter>
    </ClCompile>
    <ClCompile Include="..\..\Source\Items\Tools\Axe.cpp">
      <Filter>Source\Items\Tools</Filter>
    </ClCompile>
    <ClCompile Include="..\..\source\Game\Storage.cpp">
      <Filter>Source\Game</Filter>
    </ClCompile>
    <ClCompile Include="..\..\Source\Items\Weapons\Ammo.cpp">
      <Filter>Source\Items\Weapons</Filter>
    </ClCompile>
    <ClCompile Include="..\..\source\World\Lighting\Pointlight.cpp">
      <Filter>Source\World\Lighting</Filter>
    </ClCompile>
    <ClCompile Include="..\..\Source\Entities\Dynamic\Arrow.cpp">
      <Filter>Source\Entities\Dynamic</Filter>
    </ClCompile>
    <ClCompile Include="..\..\Source\Entities\Dynamic\DynamicEntity.cpp">
      <Filter>Source\Entities\Dynamic</Filter>
    </ClCompile>
    <ClCompile Include="..\..\Source\Entities\Dynamic\ItemDrop.cpp">
      <Filter>Source\Entities\Dynamic</Filter>
    </ClCompile>
    <ClCompile Include="..\..\Source\Entities\Dynamic\Player.cpp">
      <Filter>Source\Entities\Dynamic</Filter>
    </ClCompile>
    <ClCompile Include="..\..\Source\Entities\EntityData.cpp">
      <Filter>Source\Entities</Filter>
    </ClCompile>
    <ClCompile Include="..\..\Source\Entities\Dynamic\AIController.cpp">
      <Filter>Source\Entities\Dynamic</Filter>
    </ClCompile>
    <ClCompile Include="..\..\Source\Entities\Dynamic\Controller.cpp">
      <Filter>Source\Entities\Dynamic</Filter>
    </ClCompile>
    <ClCompile Include="..\..\Source\Entities\Dynamic\Humanoid.cpp">
      <Filter>Source\Entities\Dynamic</Filter>
    </ClCompile>
    <ClCompile Include="..\..\Source\Entities\Dynamic\Pawn.cpp">
      <Filter>Source\Entities\Dynamic</Filter>
    </ClCompile>
    <ClCompile Include="..\..\Source\Entities\Dynamic\PlayerController.cpp">
      <Filter>Source\Entities\Dynamic</Filter>
    </ClCompile>
    <ClCompile Include="..\..\Source\Entities\Dynamic\Mobs\Zombie.cpp">
      <Filter>Source\Entities\Dynamic\Mobs</Filter>
    </ClCompile>
    <ClCompile Include="..\..\Source\Entities\Entity.cpp">
      <Filter>Source\Entities</Filter>
    </ClCompile>
    <ClCompile Include="..\..\Source\gui\GameOverlay\Chat.cpp">
      <Filter>Source\Gui\GameOverlay</Filter>
    </ClCompile>
    <ClCompile Include="..\..\Source\gui\GameOverlay\GameOverlay.cpp">
      <Filter>Source\Gui\GameOverlay</Filter>
    </ClCompile>
    <ClCompile Include="..\..\Source\Game\Commander.cpp">
      <Filter>Source\Game</Filter>
    </ClCompile>
    <ClCompile Include="..\..\Source\BlockEntities\BlockEntityData.cpp">
      <Filter>Source\BlockEntities</Filter>
    </ClCompile>
    <ClCompile Include="..\..\Source\BlockEntities\BlockEntity.cpp">
      <Filter>Source\BlockEntities</Filter>
    </ClCompile>
    <ClCompile Include="..\..\Source\BlockEntities\Torch.cpp">
      <Filter>Source\BlockEntities</Filter>
    </ClCompile>
    <ClCompile Include="..\..\Source\Items\Placeable\BlockEntityItem.cpp">
      <Filter>Source\Items\Placeable</Filter>
    </ClCompile>
  </ItemGroup>
  <ItemGroup>
    <ResourceCompile Include="resources.rc" />
  </ItemGroup>
  <ItemGroup>
    <Filter Include="Source">
      <UniqueIdentifier>{aa76d9fe-881d-4fc6-84f8-886f580bdf6d}</UniqueIdentifier>
    </Filter>
    <Filter Include="Source\Noise">
      <UniqueIdentifier>{dc4c3fe4-09e5-417a-a2dd-12ea31f47404}</UniqueIdentifier>
    </Filter>
    <Filter Include="Source\Game">
      <UniqueIdentifier>{18bc6b9a-571d-4fa2-8cc2-faf75c39f783}</UniqueIdentifier>
    </Filter>
    <Filter Include="Source\Items">
      <UniqueIdentifier>{1f91a026-3a45-40fe-ac3f-6910a38f5067}</UniqueIdentifier>
    </Filter>
    <Filter Include="Source\Items\Tools">
      <UniqueIdentifier>{7313cae1-0b88-48c7-958c-0f8470bcdab0}</UniqueIdentifier>
    </Filter>
    <Filter Include="Source\Gui">
      <UniqueIdentifier>{e5cde9b0-bca1-414a-9213-0a7b3c1c350d}</UniqueIdentifier>
    </Filter>
    <Filter Include="Source\Blocks">
      <UniqueIdentifier>{fb4d1b3c-43e7-4a49-b971-c9dec50ba86d}</UniqueIdentifier>
    </Filter>
    <Filter Include="Source\Animation">
      <UniqueIdentifier>{30ad5ef0-d9bb-4e01-b029-5debc3059e46}</UniqueIdentifier>
    </Filter>
    <Filter Include="Source\Items\Placeable">
      <UniqueIdentifier>{3c316f0b-f928-40a7-b202-9482ba4935f4}</UniqueIdentifier>
    </Filter>
    <Filter Include="Source\World">
      <UniqueIdentifier>{706e8d91-9eee-467b-abcd-e94748a397ff}</UniqueIdentifier>
    </Filter>
    <Filter Include="Source\Generation">
      <UniqueIdentifier>{0ff5a936-9fef-4717-8bd5-d0f819a0c11c}</UniqueIdentifier>
    </Filter>
    <Filter Include="Source\Generation\Biomes">
      <UniqueIdentifier>{ecfd21b3-ff40-495b-adf9-1964df633df3}</UniqueIdentifier>
    </Filter>
    <Filter Include="Source\Generation\Structures">
      <UniqueIdentifier>{a2b439fd-88b0-4404-bd8a-b887a73116df}</UniqueIdentifier>
    </Filter>
    <Filter Include="Source\Entities">
      <UniqueIdentifier>{c8a444ed-dfdc-4bf8-b372-18c5f3168179}</UniqueIdentifier>
    </Filter>
    <Filter Include="Source\Networking">
      <UniqueIdentifier>{464af6f7-b4b6-4bf3-9be0-2ec11795c021}</UniqueIdentifier>
    </Filter>
    <Filter Include="Source\Items\Weapons">
      <UniqueIdentifier>{db3e34cc-807e-4345-8f45-54ab11c8212c}</UniqueIdentifier>
    </Filter>
    <Filter Include="Source\World\Lighting">
      <UniqueIdentifier>{345a8e8c-8251-427b-9965-f9f9666a426a}</UniqueIdentifier>
    </Filter>
    <Filter Include="Source\World\Terrain">
      <UniqueIdentifier>{36e472f3-e1ff-4bf6-8120-0dbec018c0fc}</UniqueIdentifier>
    </Filter>
    <Filter Include="Source\Game\GameStates">
      <UniqueIdentifier>{499e0ea9-ab1d-4a31-acaa-818d18bbf5ee}</UniqueIdentifier>
    </Filter>
    <Filter Include="Shaders">
      <UniqueIdentifier>{af129b37-b8d0-498e-98c3-cd3641a2a8b3}</UniqueIdentifier>
    </Filter>
    <Filter Include="Source\Entities\Dynamic">
      <UniqueIdentifier>{d3a56dc7-e376-4b91-bd45-9f8741a71034}</UniqueIdentifier>
    </Filter>
    <Filter Include="Source\Entities\Dynamic\Mobs">
      <UniqueIdentifier>{6f0a2029-a2f5-4ae8-ad3a-e33be4f122a5}</UniqueIdentifier>
    </Filter>
    <Filter Include="Source\Entities\Controllers">
      <UniqueIdentifier>{b06cd9f4-829b-4ca2-a898-29a761eec5df}</UniqueIdentifier>
    </Filter>
    <Filter Include="Source\Gui\GameOverlay">
      <UniqueIdentifier>{0fd551cc-bb89-4e7f-b942-9ddd7dd4cb8c}</UniqueIdentifier>
    </Filter>
    <Filter Include="Source\BlockEntities">
      <UniqueIdentifier>{e8966416-033d-4c70-b825-914f9e10f341}</UniqueIdentifier>
    </Filter>
  </ItemGroup>
  <ItemGroup>
    <ClInclude Include="..\..\source\Noise\Simplex.h">
      <Filter>Source\Noise</Filter>
    </ClInclude>
    <ClInclude Include="..\..\source\Constants.h">
      <Filter>Source</Filter>
    </ClInclude>
    <ClInclude Include="..\..\source\gui\Button.h">
      <Filter>Source\Gui</Filter>
    </ClInclude>
    <ClInclude Include="..\..\source\gui\Canvas.h">
      <Filter>Source\Gui</Filter>
    </ClInclude>
    <ClInclude Include="..\..\source\gui\LineEdit.h">
      <Filter>Source\Gui</Filter>
    </ClInclude>
    <ClInclude Include="..\..\source\gui\UiObject.h">
      <Filter>Source\Gui</Filter>
    </ClInclude>
    <ClInclude Include="..\..\source\animation\Animation.h">
      <Filter>Source\Animation</Filter>
    </ClInclude>
    <ClInclude Include="..\..\source\animation\Bone.h">
      <Filter>Source\Animation</Filter>
    </ClInclude>
    <ClInclude Include="..\..\source\animation\Skeleton.h">
      <Filter>Source\Animation</Filter>
    </ClInclude>
    <ClInclude Include="..\..\source\animation\Slot.h">
      <Filter>Source\Animation</Filter>
    </ClInclude>
    <ClInclude Include="..\..\source\Config.h">
      <Filter>Source</Filter>
    </ClInclude>
    <ClInclude Include="..\..\source\Blocks\BlockData.h">
      <Filter>Source\Blocks</Filter>
    </ClInclude>
    <ClInclude Include="..\..\source\Items\Tools\Pickaxe.h">
      <Filter>Source\Items\Tools</Filter>
    </ClInclude>
    <ClInclude Include="..\..\source\items\ItemData.h">
      <Filter>Source\Items</Filter>
    </ClInclude>
    <ClInclude Include="..\..\source\Items\BlockItem.h">
      <Filter>Source\Items\Placeable</Filter>
    </ClInclude>
    <ClInclude Include="..\..\source\gui\GameOverlay\Hotbar.h">
      <Filter>Source\Gui\GameOverlay</Filter>
    </ClInclude>
    <ClInclude Include="..\..\Source\Generation\Grassland.h">
      <Filter>Source\Generation\Biomes</Filter>
    </ClInclude>
    <ClInclude Include="..\..\Source\Generation\Structure.h">
      <Filter>Source\Generation\Structures</Filter>
    </ClInclude>
    <ClInclude Include="..\..\Source\Generation\Generator.h">
      <Filter>Source\Generation</Filter>
    </ClInclude>
    <ClInclude Include="..\..\Source\Strings.h">
      <Filter>Source</Filter>
    </ClInclude>
    <ClInclude Include="..\..\Source\Networking\Server.h">
      <Filter>Source\Networking</Filter>
    </ClInclude>
    <ClInclude Include="..\..\Source\Networking\Client.h">
      <Filter>Source\Networking</Filter>
    </ClInclude>
    <ClInclude Include="..\..\source\Networking\NetworkObject.h">
      <Filter>Source\Networking</Filter>
    </ClInclude>
    <ClInclude Include="..\..\source\Networking\Connection.h">
      <Filter>Source\Networking</Filter>
    </ClInclude>
    <ClInclude Include="..\..\source\gui\GameOverlay\HealthManaStatus.h">
      <Filter>Source\Gui\GameOverlay</Filter>
    </ClInclude>
    <ClInclude Include="..\..\source\Items\Weapons\Bow.h">
      <Filter>Source\Items\Weapons</Filter>
    </ClInclude>
    <ClInclude Include="..\..\source\World\TimeOfDay.h">
      <Filter>Source\World</Filter>
    </ClInclude>
    <ClInclude Include="..\..\source\World\Background.h">
      <Filter>Source\World</Filter>
    </ClInclude>
    <ClInclude Include="..\..\source\World\Camera.h">
      <Filter>Source\World</Filter>
    </ClInclude>
    <ClInclude Include="..\..\source\Game\RayCast.h">
      <Filter>Source\Game</Filter>
    </ClInclude>
    <ClInclude Include="..\..\source\World\Terrain\ChunkLoader.h">
      <Filter>Source\World\Terrain</Filter>
    </ClInclude>
    <ClInclude Include="..\..\source\World\Terrain\Chunk.h">
      <Filter>Source\World\Terrain</Filter>
    </ClInclude>
    <ClInclude Include="..\..\source\World\Lighting\LightSource.h">
      <Filter>Source\World\Lighting</Filter>
    </ClInclude>
    <ClInclude Include="..\..\source\World\Lighting\Lighting.h">
      <Filter>Source\World\Lighting</Filter>
    </ClInclude>
    <ClInclude Include="..\..\source\World\Terrain\Terrain.h">
      <Filter>Source\World\Terrain</Filter>
    </ClInclude>
    <ClInclude Include="..\..\Source\Gui\GameOverlay\Omnicon.h">
      <Filter>Source\Gui\GameOverlay</Filter>
    </ClInclude>
    <ClInclude Include="..\..\Source\World\World.h">
      <Filter>Source\World</Filter>
    </ClInclude>
    <ClInclude Include="..\..\Source\Game\Game.h">
      <Filter>Source\Game</Filter>
    </ClInclude>
    <ClInclude Include="..\..\Source\Game\GameStates\InGameState.h">
      <Filter>Source\Game\GameStates</Filter>
    </ClInclude>
    <ClInclude Include="..\..\Source\Game\GameStates\GameState.h">
      <Filter>Source\Game\GameStates</Filter>
    </ClInclude>
    <ClInclude Include="..\..\Source\Game\Scene.h">
      <Filter>Source\Game</Filter>
    </ClInclude>
    <ClInclude Include="..\..\Source\Game\Debug.h">
      <Filter>Source\Game</Filter>
    </ClInclude>
    <ClInclude Include="..\..\Source\Gui\GameOverlay\Inventory.h">
      <Filter>Source\Gui\GameOverlay</Filter>
    </ClInclude>
    <ClInclude Include="..\..\Source\Items\Weapons\Ammo.h">
      <Filter>Source\Items\Weapons</Filter>
    </ClInclude>
    <ClInclude Include="..\..\Source\Gui\GameOverlay\Crafting.h">
      <Filter>Source\Gui\GameOverlay</Filter>
    </ClInclude>
    <ClInclude Include="..\..\Source\Generation\Structures\OakTree.h">
      <Filter>Source\Generation\Structures</Filter>
    </ClInclude>
    <ClInclude Include="..\..\Source\Items\Tools\Axe.h">
      <Filter>Source\Items\Tools</Filter>
    </ClInclude>
    <ClInclude Include="..\..\source\Game\Storage.h">
      <Filter>Source\Game</Filter>
    </ClInclude>
    <ClInclude Include="..\..\source\World\Lighting\Pointlight.h">
      <Filter>Source\World\Lighting</Filter>
    </ClInclude>
    <ClInclude Include="..\..\Source\Entities\Dynamic\Arrow.h">
      <Filter>Source\Entities\Dynamic</Filter>
    </ClInclude>
    <ClInclude Include="..\..\Source\Entities\Dynamic\DynamicEntity.h">
      <Filter>Source\Entities\Dynamic</Filter>
    </ClInclude>
    <ClInclude Include="..\..\Source\Entities\Dynamic\ItemDrop.h">
      <Filter>Source\Entities\Dynamic</Filter>
    </ClInclude>
    <ClInclude Include="..\..\Source\Entities\Dynamic\Player.h">
      <Filter>Source\Entities\Dynamic</Filter>
    </ClInclude>
    <ClInclude Include="..\..\Source\Entities\EntityData.h">
      <Filter>Source\Entities</Filter>
    </ClInclude>
    <ClInclude Include="..\..\Source\Entities\Dynamic\AIController.h">
      <Filter>Source\Entities\Dynamic</Filter>
    </ClInclude>
    <ClInclude Include="..\..\Source\Entities\Dynamic\Controller.h">
      <Filter>Source\Entities\Dynamic</Filter>
    </ClInclude>
    <ClInclude Include="..\..\Source\Entities\Dynamic\Humanoid.h">
      <Filter>Source\Entities\Dynamic</Filter>
    </ClInclude>
    <ClInclude Include="..\..\Source\Entities\Dynamic\Pawn.h">
      <Filter>Source\Entities\Dynamic</Filter>
    </ClInclude>
    <ClInclude Include="..\..\Source\Entities\Dynamic\PlayerController.h">
      <Filter>Source\Entities\Dynamic</Filter>
    </ClInclude>
    <ClInclude Include="..\..\Source\Entities\Dynamic\Mobs\Zombie.h">
      <Filter>Source\Entities\Dynamic\Mobs</Filter>
    </ClInclude>
    <ClInclude Include="..\..\Source\Entities\Entity.h">
      <Filter>Source\Entities</Filter>
    </ClInclude>
    <ClInclude Include="..\..\Source\gui\GameOverlay\Chat.h">
      <Filter>Source\Gui\GameOverlay</Filter>
    </ClInclude>
    <ClInclude Include="..\..\Source\gui\GameOverlay\GameOverlay.h">
      <Filter>Source\Gui\GameOverlay</Filter>
    </ClInclude>
    <ClInclude Include="..\..\Source\Game\Commander.h">
      <Filter>Source\Game</Filter>
    </ClInclude>
    <ClInclude Include="..\..\Source\BlockEntities\BlockEntityData.h">
      <Filter>Source\BlockEntities</Filter>
    </ClInclude>
    <ClInclude Include="..\..\Source\BlockEntities\BlockEntity.h">
      <Filter>Source\BlockEntities</Filter>
    </ClInclude>
    <ClInclude Include="..\..\Source\BlockEntities\Torch.h">
      <Filter>Source\BlockEntities</Filter>
    </ClInclude>
    <ClInclude Include="..\..\Source\Items\Placeable\BlockEntityItem.h">
      <Filter>Source\Items\Placeable</Filter>
    </ClInclude>
  </ItemGroup>
  <ItemGroup>
    <None Include="..\..\Content\Shaders\BlurH.frag">
      <Filter>Shaders</Filter>
    </None>
    <None Include="..\..\Content\Shaders\BlurH.vert">
      <Filter>Shaders</Filter>
    </None>
    <None Include="..\..\Content\Shaders\BlurV.frag">
      <Filter>Shaders</Filter>
    </None>
    <None Include="..\..\Content\Shaders\BlurV.vert">
      <Filter>Shaders</Filter>
    </None>
    <None Include="..\..\Content\Shaders\DirectionalLighting.frag">
      <Filter>Shaders</Filter>
    </None>
    <None Include="..\..\Content\Shaders\DirectionalLighting.vert">
      <Filter>Shaders</Filter>
    </None>
    <None Include="..\..\Content\Shaders\godrays.frag">
      <Filter>Shaders</Filter>
    </None>
    <None Include="..\..\Content\Shaders\godrays.vert">
      <Filter>Shaders</Filter>
    </None>
    <None Include="..\..\Content\Shaders\outline.frag">
      <Filter>Shaders</Filter>
    </None>
    <None Include="..\..\Content\Shaders\outline.vert">
      <Filter>Shaders</Filter>
    </None>
    <None Include="..\..\Content\Shaders\RadialLighting.frag">
      <Filter>Shaders</Filter>
    </None>
    <None Include="..\..\Content\Shaders\RadialLighting.vert">
      <Filter>Shaders</Filter>
    </None>
    <None Include="..\..\Content\Shaders\simplex3d.frag">
      <Filter>Shaders</Filter>
    </None>
    <None Include="..\..\Content\Shaders\simplex3d.vert">
      <Filter>Shaders</Filter>
    </None>
    <None Include="..\..\Content\Shaders\Simplex3DBlend.frag">
      <Filter>Shaders</Filter>
    </None>
    <None Include="..\..\Content\Shaders\Simplex3DBlend.vert">
      <Filter>Shaders</Filter>
    </None>
    <None Include="..\..\Content\Shaders\TileMap.frag">
      <Filter>Shaders</Filter>
    </None>
    <None Include="..\..\Content\Shaders\TileMap.vert">
      <Filter>Shaders</Filter>
    </None>
    <None Include="..\..\Content\Shaders\TileSort.vert">
      <Filter>Shaders</Filter>
    </None>
    <None Include="..\..\Content\Shaders\TileSort.frag">
      <Filter>Shaders</Filter>
    </None>
    <None Include="..\..\Content\Shaders\DrawChunk.vert">
      <Filter>Shaders</Filter>
    </None>
    <None Include="..\..\Content\Shaders\DrawChunk.frag">
      <Filter>Shaders</Filter>
    </None>
  </ItemGroup>
  <ItemGroup>
    <Xml Include="..\..\Content\KeyBinds.xml" />
  </ItemGroup>
</Project>