<?xml version="1.0" encoding="utf-8"?>
<Project ToolsVersion="4.0" xmlns="http://schemas.microsoft.com/developer/msbuild/2003">
  <ItemGroup>
    <ClCompile Include="Main.cpp" />
    <ClCompile Include="..\..\Source\Game\Game.cpp">
      <Filter>Source\Game</Filter>
    </ClCompile>
    <ClCompile Include="..\..\Source\Entities\Entity.cpp">
      <Filter>Source\Entities</Filter>
    </ClCompile>
    <ClCompile Include="..\..\Source\Entities\EntityData.cpp">
      <Filter>Source\Entities</Filter>
    </ClCompile>
    <ClCompile Include="..\..\Source\Blocks\BlockData.cpp">
      <Filter>Source\Blocks</Filter>
    </ClCompile>
    <ClCompile Include="..\..\Source\BlockEntities\BlockEntity.cpp">
      <Filter>Source\BlockEntities</Filter>
    </ClCompile>
    <ClCompile Include="..\..\Source\Noise\Simplex.cpp">
      <Filter>Source\Noise</Filter>
    </ClCompile>
    <ClCompile Include="..\..\Source\Game\Debug.cpp">
      <Filter>Source\Game</Filter>
    </ClCompile>
    <ClCompile Include="..\..\Source\BlockEntities\BlockEntityData.cpp">
      <Filter>Source\BlockEntities</Filter>
    </ClCompile>
    <ClCompile Include="..\..\Source\World\Controllers\Background.cpp">
      <Filter>Source\World\Controllers</Filter>
    </ClCompile>
    <ClCompile Include="..\..\Source\World\Controllers\Camera.cpp">
      <Filter>Source\World\Controllers</Filter>
    </ClCompile>
    <ClCompile Include="..\..\Source\World\Controllers\Terrain.cpp">
      <Filter>Source\World\Controllers</Filter>
    </ClCompile>
    <ClCompile Include="..\..\Source\World\Controllers\TimeOfDay.cpp">
      <Filter>Source\World\Controllers</Filter>
    </ClCompile>
    <ClCompile Include="..\..\Source\World\World.cpp">
      <Filter>Source\World</Filter>
    </ClCompile>
    <ClCompile Include="..\..\Source\World\Controllers\Terrain\Chunk.cpp">
      <Filter>Source\World\Controllers\Terrain</Filter>
    </ClCompile>
    <ClCompile Include="..\..\Source\World\Controllers\Terrain\ChunkManager.cpp">
      <Filter>Source\World\Controllers\Terrain</Filter>
    </ClCompile>
    <ClCompile Include="..\..\Source\World\Controllers\Lighting\LightSource.cpp">
      <Filter>Source\World\Controllers\Lighting</Filter>
    </ClCompile>
    <ClCompile Include="..\..\Source\World\Controllers\Lighting\Pointlight.cpp">
      <Filter>Source\World\Controllers\Lighting</Filter>
    </ClCompile>
    <ClCompile Include="..\..\Source\Generation\Generator.cpp">
      <Filter>Source\Generation</Filter>
    </ClCompile>
    <ClCompile Include="..\..\Source\World\Controllers\Lighting.cpp">
      <Filter>Source\World\Controllers</Filter>
    </ClCompile>
    <ClCompile Include="..\..\Source\World\Controllers\Terrain\BlockDrawer.cpp">
      <Filter>Source\World\Controllers\Terrain</Filter>
    </ClCompile>
    <ClCompile Include="..\..\Source\Entities\Controller.cpp">
      <Filter>Source\Entities</Filter>
    </ClCompile>
    <ClCompile Include="..\..\Source\Entities\DynamicEntity.cpp">
      <Filter>Source\Entities</Filter>
    </ClCompile>
    <ClCompile Include="..\..\Source\Entities\Humanoid.cpp">
      <Filter>Source\Entities</Filter>
    </ClCompile>
    <ClCompile Include="..\..\Source\Entities\Pawn.cpp">
      <Filter>Source\Entities</Filter>
    </ClCompile>
    <ClCompile Include="..\..\Source\Entities\Player.cpp">
      <Filter>Source\Entities</Filter>
    </ClCompile>
    <ClCompile Include="..\..\Source\Entities\PlayerController.cpp">
      <Filter>Source\Entities</Filter>
    </ClCompile>
    <ClCompile Include="..\..\Source\Animation\Animation.cpp">
      <Filter>Source\Animation</Filter>
    </ClCompile>
    <ClCompile Include="..\..\Source\Animation\Bone.cpp">
      <Filter>Source\Animation</Filter>
    </ClCompile>
    <ClCompile Include="..\..\Source\Animation\Skeleton.cpp">
      <Filter>Source\Animation</Filter>
    </ClCompile>
    <ClCompile Include="..\..\Source\Animation\Slot.cpp">
      <Filter>Source\Animation</Filter>
    </ClCompile>
    <ClCompile Include="..\..\Source\Networking\Client.cpp">
      <Filter>Source\Networking</Filter>
    </ClCompile>
    <ClCompile Include="..\..\Source\Networking\Conneciton.cpp">
      <Filter>Source\Networking</Filter>
    </ClCompile>
    <ClCompile Include="..\..\Source\Networking\NetworkObject.cpp">
      <Filter>Source\Networking</Filter>
    </ClCompile>
    <ClCompile Include="..\..\Source\Networking\Server.cpp">
      <Filter>Source\Networking</Filter>
    </ClCompile>
    <ClCompile Include="..\..\Source\Game\Storage.cpp">
      <Filter>Source\Game</Filter>
    </ClCompile>
    <ClCompile Include="..\..\Source\Items\ItemData.cpp">
      <Filter>Source\Items</Filter>
    </ClCompile>
    <ClCompile Include="..\..\Source\Entities\Mobs\Zombie.cpp">
      <Filter>Source\Entities\Mobs</Filter>
    </ClCompile>
    <ClCompile Include="..\..\Source\Entities\AIController.cpp">
      <Filter>Source\Entities</Filter>
    </ClCompile>
    <ClCompile Include="..\..\Source\Game\Commander.cpp">
      <Filter>Source\Game</Filter>
    </ClCompile>
    <ClCompile Include="..\..\Source\Game\States\InGameState.cpp">
      <Filter>Source\Game\States</Filter>
    </ClCompile>
    <ClCompile Include="..\..\Source\Game\States\GameState.cpp">
      <Filter>Source\Game\States</Filter>
    </ClCompile>
    <ClCompile Include="..\..\Source\Gui\Canvas.cpp">
      <Filter>Source\Gui</Filter>
    </ClCompile>
    <ClCompile Include="..\..\Source\Gui\UiObject.cpp">
      <Filter>Source\Gui</Filter>
    </ClCompile>
    <ClCompile Include="..\..\Source\Gui\GameOverlay\GameOverlay.cpp">
      <Filter>Source\Gui\GameOverlay</Filter>
    </ClCompile>
    <ClCompile Include="..\..\Source\Gui\GameOverlay\Hotbar.cpp">
      <Filter>Source\Gui\GameOverlay</Filter>
    </ClCompile>
    <ClCompile Include="..\..\Source\Gui\GameOverlay\Chat.cpp">
      <Filter>Source\Gui\GameOverlay</Filter>
    </ClCompile>
    <ClCompile Include="..\..\Source\Gui\GameOverlay\Crafting.cpp">
      <Filter>Source\Gui\GameOverlay</Filter>
    </ClCompile>
    <ClCompile Include="..\..\Source\Gui\GameOverlay\HealthManaStatus.cpp">
      <Filter>Source\Gui\GameOverlay</Filter>
    </ClCompile>
    <ClCompile Include="..\..\Source\Gui\GameOverlay\Inventory.cpp">
      <Filter>Source\Gui\GameOverlay</Filter>
    </ClCompile>
    <ClCompile Include="..\..\Source\Gui\GameOverlay\Omnicon.cpp">
      <Filter>Source\Gui\GameOverlay</Filter>
    </ClCompile>
    <ClCompile Include="..\..\Source\Gui\LineEdit.cpp">
      <Filter>Source\Gui</Filter>
    </ClCompile>
    <ClCompile Include="..\..\Source\Items\Weapons\Bow.cpp">
      <Filter>Source\Items\Weapons</Filter>
    </ClCompile>
    <ClCompile Include="..\..\Source\Items\Weapons\Ammo.cpp">
      <Filter>Source\Items\Weapons</Filter>
    </ClCompile>
    <ClCompile Include="..\..\Source\Items\Tools\Axe.cpp">
      <Filter>Source\Items\Tools</Filter>
    </ClCompile>
    <ClCompile Include="..\..\Source\Items\Tools\Pickaxe.cpp">
      <Filter>Source\Items\Tools</Filter>
    </ClCompile>
    <ClCompile Include="..\..\Source\Items\Placeable\BlockEntityItem.cpp">
      <Filter>Source\Items\Placeable</Filter>
    </ClCompile>
    <ClCompile Include="..\..\Source\Entities\Arrow.cpp">
      <Filter>Source\Entities</Filter>
    </ClCompile>
    <ClCompile Include="..\..\Source\Game\RayCast.cpp">
      <Filter>Source\Game</Filter>
    </ClCompile>
    <ClCompile Include="..\..\Source\Items\BlockItem.cpp">
      <Filter>Source\Items\Placeable</Filter>
    </ClCompile>
    <ClCompile Include="..\..\Source\BlockEntities\Torch.cpp">
      <Filter>Source\BlockEntities</Filter>
    </ClCompile>
    <ClCompile Include="..\..\Source\Blocks\Block.cpp">
      <Filter>Source\Blocks</Filter>
    </ClCompile>
    <ClCompile Include="..\..\Source\BlockEntities\Bush.cpp">
      <Filter>Source\BlockEntities</Filter>
    </ClCompile>
    <ClCompile Include="..\..\Source\BlockEntities\Pot.cpp">
      <Filter>Source\BlockEntities</Filter>
    </ClCompile>
    <ClCompile Include="..\..\Source\Entities\ItemDrop.cpp">
      <Filter>Source\Entities</Filter>
    </ClCompile>
  </ItemGroup>
  <ItemGroup>
    <ResourceCompile Include="resources.rc" />
  </ItemGroup>
  <ItemGroup>
    <Filter Include="Source">
      <UniqueIdentifier>{aa76d9fe-881d-4fc6-84f8-886f580bdf6d}</UniqueIdentifier>
    </Filter>
    <Filter Include="Source\Noise">
      <UniqueIdentifier>{dc4c3fe4-09e5-417a-a2dd-12ea31f47404}</UniqueIdentifier>
    </Filter>
    <Filter Include="Source\Game">
      <UniqueIdentifier>{18bc6b9a-571d-4fa2-8cc2-faf75c39f783}</UniqueIdentifier>
    </Filter>
    <Filter Include="Source\Items">
      <UniqueIdentifier>{1f91a026-3a45-40fe-ac3f-6910a38f5067}</UniqueIdentifier>
    </Filter>
    <Filter Include="Source\Items\Tools">
      <UniqueIdentifier>{7313cae1-0b88-48c7-958c-0f8470bcdab0}</UniqueIdentifier>
    </Filter>
    <Filter Include="Source\Gui">
      <UniqueIdentifier>{e5cde9b0-bca1-414a-9213-0a7b3c1c350d}</UniqueIdentifier>
    </Filter>
    <Filter Include="Source\Blocks">
      <UniqueIdentifier>{fb4d1b3c-43e7-4a49-b971-c9dec50ba86d}</UniqueIdentifier>
    </Filter>
    <Filter Include="Source\Animation">
      <UniqueIdentifier>{30ad5ef0-d9bb-4e01-b029-5debc3059e46}</UniqueIdentifier>
    </Filter>
    <Filter Include="Source\Items\Placeable">
      <UniqueIdentifier>{3c316f0b-f928-40a7-b202-9482ba4935f4}</UniqueIdentifier>
    </Filter>
    <Filter Include="Source\World">
      <UniqueIdentifier>{706e8d91-9eee-467b-abcd-e94748a397ff}</UniqueIdentifier>
    </Filter>
    <Filter Include="Source\Entities">
      <UniqueIdentifier>{c8a444ed-dfdc-4bf8-b372-18c5f3168179}</UniqueIdentifier>
    </Filter>
    <Filter Include="Source\Networking">
      <UniqueIdentifier>{464af6f7-b4b6-4bf3-9be0-2ec11795c021}</UniqueIdentifier>
    </Filter>
    <Filter Include="Source\Items\Weapons">
      <UniqueIdentifier>{db3e34cc-807e-4345-8f45-54ab11c8212c}</UniqueIdentifier>
    </Filter>
    <Filter Include="Source\Gui\GameOverlay">
      <UniqueIdentifier>{0fd551cc-bb89-4e7f-b942-9ddd7dd4cb8c}</UniqueIdentifier>
    </Filter>
    <Filter Include="Source\BlockEntities">
      <UniqueIdentifier>{e8966416-033d-4c70-b825-914f9e10f341}</UniqueIdentifier>
    </Filter>
    <Filter Include="Source\World\Controllers">
      <UniqueIdentifier>{b06cd9f4-829b-4ca2-a898-29a761eec5df}</UniqueIdentifier>
    </Filter>
    <Filter Include="Source\World\Controllers\Terrain">
      <UniqueIdentifier>{08f858c7-f768-44fe-bd3c-7c17703e74ee}</UniqueIdentifier>
    </Filter>
    <Filter Include="Source\World\Controllers\Lighting">
      <UniqueIdentifier>{901daa22-67c8-4f55-9cae-790145b49b25}</UniqueIdentifier>
    </Filter>
    <Filter Include="Source\Generation">
      <UniqueIdentifier>{5a692e72-0161-4742-a9cc-758450e332dd}</UniqueIdentifier>
    </Filter>
    <Filter Include="Source\Entities\Mobs">
      <UniqueIdentifier>{248099bd-986c-4607-a852-f1450a85a123}</UniqueIdentifier>
    </Filter>
    <Filter Include="Source\Game\States">
      <UniqueIdentifier>{4bcc52c1-95f3-47e0-a056-cb999a629774}</UniqueIdentifier>
    </Filter>
    <Filter Include="Data">
      <UniqueIdentifier>{c85787b7-0ab4-4a77-a7d6-b4dd1158c1c1}</UniqueIdentifier>
    </Filter>
    <Filter Include="Data\Shaders">
      <UniqueIdentifier>{af129b37-b8d0-498e-98c3-cd3641a2a8b3}</UniqueIdentifier>
    </Filter>
  </ItemGroup>
  <ItemGroup>
    <ClInclude Include="..\..\source\Noise\Simplex.h">
      <Filter>Source\Noise</Filter>
    </ClInclude>
    <ClInclude Include="..\..\source\Constants.h">
      <Filter>Source</Filter>
    </ClInclude>
    <ClInclude Include="..\..\source\gui\Button.h">
      <Filter>Source\Gui</Filter>
    </ClInclude>
    <ClInclude Include="..\..\source\gui\Canvas.h">
      <Filter>Source\Gui</Filter>
    </ClInclude>
    <ClInclude Include="..\..\source\gui\LineEdit.h">
      <Filter>Source\Gui</Filter>
    </ClInclude>
    <ClInclude Include="..\..\source\gui\UiObject.h">
      <Filter>Source\Gui</Filter>
    </ClInclude>
    <ClInclude Include="..\..\source\animation\Animation.h">
      <Filter>Source\Animation</Filter>
    </ClInclude>
    <ClInclude Include="..\..\source\animation\Bone.h">
      <Filter>Source\Animation</Filter>
    </ClInclude>
    <ClInclude Include="..\..\source\animation\Skeleton.h">
      <Filter>Source\Animation</Filter>
    </ClInclude>
    <ClInclude Include="..\..\source\animation\Slot.h">
      <Filter>Source\Animation</Filter>
    </ClInclude>
    <ClInclude Include="..\..\source\Config.h">
      <Filter>Source</Filter>
    </ClInclude>
    <ClInclude Include="..\..\source\Blocks\BlockData.h">
      <Filter>Source\Blocks</Filter>
    </ClInclude>
    <ClInclude Include="..\..\source\Items\Tools\Pickaxe.h">
      <Filter>Source\Items\Tools</Filter>
    </ClInclude>
    <ClInclude Include="..\..\source\items\ItemData.h">
      <Filter>Source\Items</Filter>
    </ClInclude>
    <ClInclude Include="..\..\source\Items\BlockItem.h">
      <Filter>Source\Items\Placeable</Filter>
    </ClInclude>
    <ClInclude Include="..\..\source\gui\GameOverlay\Hotbar.h">
      <Filter>Source\Gui\GameOverlay</Filter>
    </ClInclude>
    <ClInclude Include="..\..\Source\Strings.h">
      <Filter>Source</Filter>
    </ClInclude>
    <ClInclude Include="..\..\Source\Networking\Server.h">
      <Filter>Source\Networking</Filter>
    </ClInclude>
    <ClInclude Include="..\..\Source\Networking\Client.h">
      <Filter>Source\Networking</Filter>
    </ClInclude>
    <ClInclude Include="..\..\source\Networking\NetworkObject.h">
      <Filter>Source\Networking</Filter>
    </ClInclude>
    <ClInclude Include="..\..\source\Networking\Connection.h">
      <Filter>Source\Networking</Filter>
    </ClInclude>
    <ClInclude Include="..\..\source\gui\GameOverlay\HealthManaStatus.h">
      <Filter>Source\Gui\GameOverlay</Filter>
    </ClInclude>
    <ClInclude Include="..\..\source\Items\Weapons\Bow.h">
      <Filter>Source\Items\Weapons</Filter>
    </ClInclude>
    <ClInclude Include="..\..\source\Game\RayCast.h">
      <Filter>Source\Game</Filter>
    </ClInclude>
    <ClInclude Include="..\..\Source\Gui\GameOverlay\Omnicon.h">
      <Filter>Source\Gui\GameOverlay</Filter>
    </ClInclude>
    <ClInclude Include="..\..\Source\Game\Game.h">
      <Filter>Source\Game</Filter>
    </ClInclude>
    <ClInclude Include="..\..\Source\Game\Scene.h">
      <Filter>Source\Game</Filter>
    </ClInclude>
    <ClInclude Include="..\..\Source\Game\Debug.h">
      <Filter>Source\Game</Filter>
    </ClInclude>
    <ClInclude Include="..\..\Source\Gui\GameOverlay\Inventory.h">
      <Filter>Source\Gui\GameOverlay</Filter>
    </ClInclude>
    <ClInclude Include="..\..\Source\Items\Weapons\Ammo.h">
      <Filter>Source\Items\Weapons</Filter>
    </ClInclude>
    <ClInclude Include="..\..\Source\Gui\GameOverlay\Crafting.h">
      <Filter>Source\Gui\GameOverlay</Filter>
    </ClInclude>
    <ClInclude Include="..\..\Source\Items\Tools\Axe.h">
      <Filter>Source\Items\Tools</Filter>
    </ClInclude>
    <ClInclude Include="..\..\source\Game\Storage.h">
      <Filter>Source\Game</Filter>
    </ClInclude>
    <ClInclude Include="..\..\Source\Entities\EntityData.h">
      <Filter>Source\Entities</Filter>
    </ClInclude>
    <ClInclude Include="..\..\Source\Entities\Entity.h">
      <Filter>Source\Entities</Filter>
    </ClInclude>
    <ClInclude Include="..\..\Source\gui\GameOverlay\Chat.h">
      <Filter>Source\Gui\GameOverlay</Filter>
    </ClInclude>
    <ClInclude Include="..\..\Source\gui\GameOverlay\GameOverlay.h">
      <Filter>Source\Gui\GameOverlay</Filter>
    </ClInclude>
    <ClInclude Include="..\..\Source\Game\Commander.h">
      <Filter>Source\Game</Filter>
    </ClInclude>
    <ClInclude Include="..\..\Source\BlockEntities\BlockEntityData.h">
      <Filter>Source\BlockEntities</Filter>
    </ClInclude>
    <ClInclude Include="..\..\Source\BlockEntities\BlockEntity.h">
      <Filter>Source\BlockEntities</Filter>
    </ClInclude>
    <ClInclude Include="..\..\Source\BlockEntities\Torch.h">
      <Filter>Source\BlockEntities</Filter>
    </ClInclude>
    <ClInclude Include="..\..\Source\Items\Placeable\BlockEntityItem.h">
      <Filter>Source\Items\Placeable</Filter>
    </ClInclude>
    <ClInclude Include="..\..\Source\World\Controllers\Background.h">
      <Filter>Source\World\Controllers</Filter>
    </ClInclude>
    <ClInclude Include="..\..\Source\World\Controllers\Camera.h">
      <Filter>Source\World\Controllers</Filter>
    </ClInclude>
    <ClInclude Include="..\..\Source\World\Controllers\Terrain.h">
      <Filter>Source\World\Controllers</Filter>
    </ClInclude>
    <ClInclude Include="..\..\Source\World\Controllers\TimeOfDay.h">
      <Filter>Source\World\Controllers</Filter>
    </ClInclude>
    <ClInclude Include="..\..\Source\World\World.h">
      <Filter>Source\World</Filter>
    </ClInclude>
    <ClInclude Include="..\..\Source\World\Controllers\Terrain\Chunk.h">
      <Filter>Source\World\Controllers\Terrain</Filter>
    </ClInclude>
    <ClInclude Include="..\..\Source\World\Controllers\Terrain\ChunkManager.h">
      <Filter>Source\World\Controllers\Terrain</Filter>
    </ClInclude>
    <ClInclude Include="..\..\Source\World\Controllers\Lighting\LightSource.h">
      <Filter>Source\World\Controllers\Lighting</Filter>
    </ClInclude>
    <ClInclude Include="..\..\Source\World\Controllers\Lighting\Pointlight.h">
      <Filter>Source\World\Controllers\Lighting</Filter>
    </ClInclude>
    <ClInclude Include="..\..\Source\Generation\Generator.h">
      <Filter>Source\Generation</Filter>
    </ClInclude>
    <ClInclude Include="..\..\Source\World\Controllers\Lighting.h">
      <Filter>Source\World\Controllers</Filter>
    </ClInclude>
    <ClInclude Include="..\..\Source\World\Controllers\Terrain\BlockDrawer.h">
      <Filter>Source\World\Controllers\Terrain</Filter>
    </ClInclude>
    <ClInclude Include="..\..\Source\Entities\AIController.h">
      <Filter>Source\Entities</Filter>
    </ClInclude>
    <ClInclude Include="..\..\Source\Entities\Arrow.h">
      <Filter>Source\Entities</Filter>
    </ClInclude>
    <ClInclude Include="..\..\Source\Entities\Controller.h">
      <Filter>Source\Entities</Filter>
    </ClInclude>
    <ClInclude Include="..\..\Source\Entities\DynamicEntity.h">
      <Filter>Source\Entities</Filter>
    </ClInclude>
    <ClInclude Include="..\..\Source\Entities\Humanoid.h">
      <Filter>Source\Entities</Filter>
    </ClInclude>
    <ClInclude Include="..\..\Source\Entities\ItemDrop.h">
      <Filter>Source\Entities</Filter>
    </ClInclude>
    <ClInclude Include="..\..\Source\Entities\Pawn.h">
      <Filter>Source\Entities</Filter>
    </ClInclude>
    <ClInclude Include="..\..\Source\Entities\Player.h">
      <Filter>Source\Entities</Filter>
    </ClInclude>
    <ClInclude Include="..\..\Source\Entities\PlayerController.h">
      <Filter>Source\Entities</Filter>
    </ClInclude>
    <ClInclude Include="..\..\Source\Entities\Mobs\Zombie.h">
      <Filter>Source\Entities\Mobs</Filter>
    </ClInclude>
    <ClInclude Include="..\..\Source\Game\States\GameState.h">
      <Filter>Source\Game\States</Filter>
    </ClInclude>
    <ClInclude Include="..\..\Source\Game\States\InGameState.h">
      <Filter>Source\Game\States</Filter>
    </ClInclude>
    <ClInclude Include="..\..\Source\Gui\UiEvents.h">
      <Filter>Source\Gui</Filter>
    </ClInclude>
    <ClInclude Include="..\..\Source\Blocks\Block.h">
      <Filter>Source\Blocks</Filter>
    </ClInclude>
    <ClInclude Include="..\..\Source\BlockEntities\Bush.h">
      <Filter>Source\BlockEntities</Filter>
    </ClInclude>
    <ClInclude Include="..\..\Source\BlockEntities\Pot.h">
      <Filter>Source\BlockEntities</Filter>
    </ClInclude>
  </ItemGroup>
  <ItemGroup>
    <Xml Include="..\..\Data\Resources.xml">
      <Filter>Data</Filter>
    </Xml>
    <Xml Include="..\..\Data\InputConfig.xml">
      <Filter>Data</Filter>
    </Xml>
  </ItemGroup>
  <ItemGroup>
    <None Include="..\..\Data\Shaders\BlurH.frag">
      <Filter>Data\Shaders</Filter>
    </None>
    <None Include="..\..\Data\Shaders\BlurH.vert">
      <Filter>Data\Shaders</Filter>
    </None>
    <None Include="..\..\Data\Shaders\BlurV.frag">
      <Filter>Data\Shaders</Filter>
    </None>
    <None Include="..\..\Data\Shaders\BlurV.vert">
      <Filter>Data\Shaders</Filter>
    </None>
    <None Include="..\..\Data\Shaders\DirectionalLighting.frag">
      <Filter>Data\Shaders</Filter>
    </None>
    <None Include="..\..\Data\Shaders\DirectionalLighting.vert">
      <Filter>Data\Shaders</Filter>
    </None>
    <None Include="..\..\Data\Shaders\GodRays.frag">
      <Filter>Data\Shaders</Filter>
    </None>
    <None Include="..\..\Data\Shaders\GodRays.vert">
      <Filter>Data\Shaders</Filter>
    </None>
    <None Include="..\..\Data\Shaders\Outline.frag">
      <Filter>Data\Shaders</Filter>
    </None>
    <None Include="..\..\Data\Shaders\Outline.vert">
      <Filter>Data\Shaders</Filter>
    </None>
    <None Include="..\..\Data\Shaders\RadialLighting.frag">
      <Filter>Data\Shaders</Filter>
    </None>
    <None Include="..\..\Data\Shaders\RadialLighting.vert">
      <Filter>Data\Shaders</Filter>
    </None>
    <None Include="..\..\Data\Shaders\Simplex3d.frag">
      <Filter>Data\Shaders</Filter>
    </None>
    <None Include="..\..\Data\Shaders\Simplex3d.vert">
      <Filter>Data\Shaders</Filter>
    </None>
    <None Include="..\..\Data\Shaders\Simplex3DBlend.frag">
      <Filter>Data\Shaders</Filter>
    </None>
    <None Include="..\..\Data\Shaders\Simplex3DBlend.vert">
      <Filter>Data\Shaders</Filter>
    </None>
    <None Include="..\..\Data\Shaders\TileMap.frag">
      <Filter>Data\Shaders</Filter>
    </None>
    <None Include="..\..\Data\Shaders\TileMap.vert">
      <Filter>Data\Shaders</Filter>
    </None>
    <None Include="..\..\Data\Shaders\TileSort.frag">
      <Filter>Data\Shaders</Filter>
    </None>
    <None Include="..\..\Data\Shaders\TileSort.vert">
      <Filter>Data\Shaders</Filter>
    </None>
    <None Include="..\..\Data\Shaders\BlockEntitiesDraw.frag">
      <Filter>Data\Shaders</Filter>
    </None>
    <None Include="..\..\Data\Shaders\BlockEntitiesDraw.vert">
      <Filter>Data\Shaders</Filter>
    </None>
  </ItemGroup>
</Project>